
Microsoft Visual Studio Solution File, Format Version 12.00
# Visual Studio Version 17
VisualStudioVersion = 17.7.34031.279
MinimumVisualStudioVersion = 10.0.40219.1
Project("{9A19103F-16F7-4668-BE54-9A1E7A4F7556}") = "MCNPV", "MCNPV.csproj", "{FD265ADE-F62F-4C26-8995-15A47FCDC146}"
EndProject
Global
	GlobalSection(SolutionConfigurationPlatforms) = preSolution
		Debug|Any CPU = Debug|Any CPU
		Release|Any CPU = Release|Any CPU
	EndGlobalSection
	GlobalSection(ProjectConfigurationPlatforms) = postSolution
		{FD265ADE-F62F-4C26-8995-15A47FCDC146}.Debug|Any CPU.ActiveCfg = Debug|Any CPU
		{FD265ADE-F62F-4C26-8995-15A47FCDC146}.Debug|Any CPU.Build.0 = Debug|Any CPU
		{FD265ADE-F62F-4C26-8995-15A47FCDC146}.Release|Any CPU.ActiveCfg = Release|Any CPU
		{FD265ADE-F62F-4C26-8995-15A47FCDC146}.Release|Any CPU.Build.0 = Release|Any CPU
	EndGlobalSection
	GlobalSection(SolutionProperties) = preSolution
		HideSolutionNode = FALSE
	EndGlobalSection
	GlobalSection(ExtensibilityGlobals) = postSolution
		SolutionGuid = {DA8389C6-06A6-4B4A-B46E-B79554E641F1}
	EndGlobalSection
EndGlobal
